github.com/mileusna/useragent v1.2.1 h1:p3RJWhi3LfuI6BHdddojREyK3p6qX67vIfOVMnUIVr0=
github.com/mileusna/useragent v1.2.1/go.mod h1:3d8TOmwL/5I8pJjyVDteHtgDGcefrFUX4ccGOMKNYYc=
github.com/seipan/User-API v0.0.0-20221004172817-6dd1536f4b31 h1:XC7ONoyB8r9C1TwSFj/AEN7g6yE5rKYgRSKsBMGiDSM=
github.com/seipan/User-API v0.0.0-20221004172817-6dd1536f4b31/go.mod h1:DKpgtH5gSd+2MJ9VPHSPJhfve8OAzrdHmC/1ywjyfZM=
